
Microsoft Visual Studio Solution File, Format Version 12.00
# Visual Studio Version 17
VisualStudioVersion = 17.7.34031.279
MinimumVisualStudioVersion = 10.0.40219.1
Project("{9A19103F-16F7-4668-BE54-9A1E7A4F7556}") = "AstroCreate.Desktop", "AstroCreate.Desktop\AstroCreate.Desktop.csproj", "{AEB3FC89-DC3E-4BC9-9EC7-03B72FC5D849}"
EndProject
Project("{9A19103F-16F7-4668-BE54-9A1E7A4F7556}") = "AstroCreate.iOS", "AstroCreate.iOS\AstroCreate.iOS.csproj", "{7AA1DB5D-78DB-4693-AE50-D6078F5A0CAB}"
EndProject
Project("{9A19103F-16F7-4668-BE54-9A1E7A4F7556}") = "AstroCreate.Android", "AstroCreate.Android\AstroCreate.Android.csproj", "{90C9C0E2-0FC3-4FCB-B705-29CABD0F65C8}"
EndProject
Project("{9A19103F-16F7-4668-BE54-9A1E7A4F7556}") = "AstroCreate.Game", "AstroCreate.Game\AstroCreate.Game.csproj", "{1ADACD09-7BE3-46A1-AEAB-C41E78E8700F}"
EndProject
Project("{9A19103F-16F7-4668-BE54-9A1E7A4F7556}") = "AstroCreate.Game.Tests", "AstroCreate.Game.Tests\AstroCreate.Game.Tests.csproj", "{0A9CA1A5-5147-4AA8-9B9D-87178DE5A78D}"
EndProject
Project("{9A19103F-16F7-4668-BE54-9A1E7A4F7556}") = "AstroCreate.Resources", "AstroCreate.Resources\AstroCreate.Resources.csproj", "{31D3872C-3A4F-437E-9655-3EF58DD62F46}"
EndProject
Project("{2150E333-8FDC-42A3-9474-1A3956D46DE8}") = "Solution Items", "Solution Items", "{9AF9C164-2A9E-4958-BB12-0FEDC40F58EC}"
	ProjectSection(SolutionItems) = preProject
		.editorconfig = .editorconfig
		AstroCreate.sln.DotSettings = AstroCreate.sln.DotSettings
		Directory.Build.props = Directory.Build.props
	EndProjectSection
EndProject
Project("{FAE04EC0-301F-11D3-BF4B-00C04F79EFBC}") = "AstroCreate.Game.Tests.Android", "AstroCreate.Game.Tests.Android\AstroCreate.Game.Tests.Android.csproj", "{8CC82A79-D923-4781-A1CC-75E449D0FD12}"
EndProject
Project("{FAE04EC0-301F-11D3-BF4B-00C04F79EFBC}") = "AstroCreate.Game.Tests.iOS", "AstroCreate.Game.Tests.iOS\AstroCreate.Game.Tests.iOS.csproj", "{5C9B2097-00F7-45FA-B674-3A513671E72A}"
EndProject
Global
	GlobalSection(SolutionConfigurationPlatforms) = preSolution
		Debug|Any CPU = Debug|Any CPU
		Debug|iPhone = Debug|iPhone
		Debug|iPhoneSimulator = Debug|iPhoneSimulator
		Release|Any CPU = Release|Any CPU
		Release|iPhone = Release|iPhone
		Release|iPhoneSimulator = Release|iPhoneSimulator
	EndGlobalSection
	GlobalSection(ProjectConfigurationPlatforms) = postSolution
		{AEB3FC89-DC3E-4BC9-9EC7-03B72FC5D849}.Debug|Any CPU.ActiveCfg = Debug|Any CPU
		{AEB3FC89-DC3E-4BC9-9EC7-03B72FC5D849}.Debug|Any CPU.Build.0 = Debug|Any CPU
		{AEB3FC89-DC3E-4BC9-9EC7-03B72FC5D849}.Debug|iPhone.ActiveCfg = Debug|Any CPU
		{AEB3FC89-DC3E-4BC9-9EC7-03B72FC5D849}.Debug|iPhone.Build.0 = Debug|Any CPU
		{AEB3FC89-DC3E-4BC9-9EC7-03B72FC5D849}.Debug|iPhoneSimulator.ActiveCfg = Debug|Any CPU
		{AEB3FC89-DC3E-4BC9-9EC7-03B72FC5D849}.Debug|iPhoneSimulator.Build.0 = Debug|Any CPU
		{AEB3FC89-DC3E-4BC9-9EC7-03B72FC5D849}.Release|Any CPU.ActiveCfg = Release|Any CPU
		{AEB3FC89-DC3E-4BC9-9EC7-03B72FC5D849}.Release|Any CPU.Build.0 = Release|Any CPU
		{AEB3FC89-DC3E-4BC9-9EC7-03B72FC5D849}.Release|iPhone.ActiveCfg = Release|Any CPU
		{AEB3FC89-DC3E-4BC9-9EC7-03B72FC5D849}.Release|iPhone.Build.0 = Release|Any CPU
		{AEB3FC89-DC3E-4BC9-9EC7-03B72FC5D849}.Release|iPhoneSimulator.ActiveCfg = Release|Any CPU
		{AEB3FC89-DC3E-4BC9-9EC7-03B72FC5D849}.Release|iPhoneSimulator.Build.0 = Release|Any CPU
		{7AA1DB5D-78DB-4693-AE50-D6078F5A0CAB}.Debug|Any CPU.ActiveCfg = Debug|iPhoneSimulator
		{7AA1DB5D-78DB-4693-AE50-D6078F5A0CAB}.Debug|iPhone.ActiveCfg = Debug|iPhone
		{7AA1DB5D-78DB-4693-AE50-D6078F5A0CAB}.Debug|iPhone.Build.0 = Debug|iPhone
		{7AA1DB5D-78DB-4693-AE50-D6078F5A0CAB}.Debug|iPhoneSimulator.ActiveCfg = Debug|iPhoneSimulator
		{7AA1DB5D-78DB-4693-AE50-D6078F5A0CAB}.Debug|iPhoneSimulator.Build.0 = Debug|iPhoneSimulator
		{7AA1DB5D-78DB-4693-AE50-D6078F5A0CAB}.Release|Any CPU.ActiveCfg = Release|Any CPU
		{7AA1DB5D-78DB-4693-AE50-D6078F5A0CAB}.Release|iPhone.ActiveCfg = Release|iPhone
		{7AA1DB5D-78DB-4693-AE50-D6078F5A0CAB}.Release|iPhone.Build.0 = Release|iPhone
		{7AA1DB5D-78DB-4693-AE50-D6078F5A0CAB}.Release|iPhoneSimulator.ActiveCfg = Release|iPhoneSimulator
		{7AA1DB5D-78DB-4693-AE50-D6078F5A0CAB}.Release|iPhoneSimulator.Build.0 = Release|iPhoneSimulator
		{90C9C0E2-0FC3-4FCB-B705-29CABD0F65C8}.Debug|Any CPU.ActiveCfg = Debug|Any CPU
		{90C9C0E2-0FC3-4FCB-B705-29CABD0F65C8}.Debug|Any CPU.Build.0 = Debug|Any CPU
		{90C9C0E2-0FC3-4FCB-B705-29CABD0F65C8}.Debug|Any CPU.Deploy.0 = Debug|Any CPU
		{90C9C0E2-0FC3-4FCB-B705-29CABD0F65C8}.Debug|iPhone.ActiveCfg = Debug|Any CPU
		{90C9C0E2-0FC3-4FCB-B705-29CABD0F65C8}.Debug|iPhoneSimulator.ActiveCfg = Debug|Any CPU
		{90C9C0E2-0FC3-4FCB-B705-29CABD0F65C8}.Release|Any CPU.ActiveCfg = Release|Any CPU
		{90C9C0E2-0FC3-4FCB-B705-29CABD0F65C8}.Release|Any CPU.Build.0 = Release|Any CPU
		{90C9C0E2-0FC3-4FCB-B705-29CABD0F65C8}.Release|Any CPU.Deploy.0 = Release|Any CPU
		{90C9C0E2-0FC3-4FCB-B705-29CABD0F65C8}.Release|iPhone.ActiveCfg = Release|Any CPU
		{90C9C0E2-0FC3-4FCB-B705-29CABD0F65C8}.Release|iPhoneSimulator.ActiveCfg = Release|Any CPU
		{1ADACD09-7BE3-46A1-AEAB-C41E78E8700F}.Debug|Any CPU.ActiveCfg = Debug|Any CPU
		{1ADACD09-7BE3-46A1-AEAB-C41E78E8700F}.Debug|Any CPU.Build.0 = Debug|Any CPU
		{1ADACD09-7BE3-46A1-AEAB-C41E78E8700F}.Debug|iPhone.ActiveCfg = Debug|Any CPU
		{1ADACD09-7BE3-46A1-AEAB-C41E78E8700F}.Debug|iPhone.Build.0 = Debug|Any CPU
		{1ADACD09-7BE3-46A1-AEAB-C41E78E8700F}.Debug|iPhoneSimulator.ActiveCfg = Debug|Any CPU
		{1ADACD09-7BE3-46A1-AEAB-C41E78E8700F}.Debug|iPhoneSimulator.Build.0 = Debug|Any CPU
		{1ADACD09-7BE3-46A1-AEAB-C41E78E8700F}.Release|Any CPU.ActiveCfg = Release|Any CPU
		{1ADACD09-7BE3-46A1-AEAB-C41E78E8700F}.Release|Any CPU.Build.0 = Release|Any CPU
		{1ADACD09-7BE3-46A1-AEAB-C41E78E8700F}.Release|iPhone.ActiveCfg = Release|Any CPU
		{1ADACD09-7BE3-46A1-AEAB-C41E78E8700F}.Release|iPhone.Build.0 = Release|Any CPU
		{1ADACD09-7BE3-46A1-AEAB-C41E78E8700F}.Release|iPhoneSimulator.ActiveCfg = Release|Any CPU
		{1ADACD09-7BE3-46A1-AEAB-C41E78E8700F}.Release|iPhoneSimulator.Build.0 = Release|Any CPU
		{0A9CA1A5-5147-4AA8-9B9D-87178DE5A78D}.Debug|Any CPU.ActiveCfg = Debug|Any CPU
		{0A9CA1A5-5147-4AA8-9B9D-87178DE5A78D}.Debug|Any CPU.Build.0 = Debug|Any CPU
		{0A9CA1A5-5147-4AA8-9B9D-87178DE5A78D}.Debug|iPhone.ActiveCfg = Debug|Any CPU
		{0A9CA1A5-5147-4AA8-9B9D-87178DE5A78D}.Debug|iPhone.Build.0 = Debug|Any CPU
		{0A9CA1A5-5147-4AA8-9B9D-87178DE5A78D}.Debug|iPhoneSimulator.ActiveCfg = Debug|Any CPU
		{0A9CA1A5-5147-4AA8-9B9D-87178DE5A78D}.Debug|iPhoneSimulator.Build.0 = Debug|Any CPU
		{0A9CA1A5-5147-4AA8-9B9D-87178DE5A78D}.Release|Any CPU.ActiveCfg = Release|Any CPU
		{0A9CA1A5-5147-4AA8-9B9D-87178DE5A78D}.Release|Any CPU.Build.0 = Release|Any CPU
		{0A9CA1A5-5147-4AA8-9B9D-87178DE5A78D}.Release|iPhone.ActiveCfg = Release|Any CPU
		{0A9CA1A5-5147-4AA8-9B9D-87178DE5A78D}.Release|iPhone.Build.0 = Release|Any CPU
		{0A9CA1A5-5147-4AA8-9B9D-87178DE5A78D}.Release|iPhoneSimulator.ActiveCfg = Release|Any CPU
		{0A9CA1A5-5147-4AA8-9B9D-87178DE5A78D}.Release|iPhoneSimulator.Build.0 = Release|Any CPU
		{31D3872C-3A4F-437E-9655-3EF58DD62F46}.Debug|Any CPU.ActiveCfg = Debug|Any CPU
		{31D3872C-3A4F-437E-9655-3EF58DD62F46}.Debug|Any CPU.Build.0 = Debug|Any CPU
		{31D3872C-3A4F-437E-9655-3EF58DD62F46}.Debug|iPhone.ActiveCfg = Debug|Any CPU
		{31D3872C-3A4F-437E-9655-3EF58DD62F46}.Debug|iPhone.Build.0 = Debug|Any CPU
		{31D3872C-3A4F-437E-9655-3EF58DD62F46}.Debug|iPhoneSimulator.ActiveCfg = Debug|Any CPU
		{31D3872C-3A4F-437E-9655-3EF58DD62F46}.Debug|iPhoneSimulator.Build.0 = Debug|Any CPU
		{31D3872C-3A4F-437E-9655-3EF58DD62F46}.Release|Any CPU.ActiveCfg = Release|Any CPU
		{31D3872C-3A4F-437E-9655-3EF58DD62F46}.Release|Any CPU.Build.0 = Release|Any CPU
		{31D3872C-3A4F-437E-9655-3EF58DD62F46}.Release|iPhone.ActiveCfg = Release|Any CPU
		{31D3872C-3A4F-437E-9655-3EF58DD62F46}.Release|iPhone.Build.0 = Release|Any CPU
		{31D3872C-3A4F-437E-9655-3EF58DD62F46}.Release|iPhoneSimulator.ActiveCfg = Release|Any CPU
		{31D3872C-3A4F-437E-9655-3EF58DD62F46}.Release|iPhoneSimulator.Build.0 = Release|Any CPU
		{8CC82A79-D923-4781-A1CC-75E449D0FD12}.Debug|Any CPU.ActiveCfg = Debug|Any CPU
		{8CC82A79-D923-4781-A1CC-75E449D0FD12}.Debug|Any CPU.Build.0 = Debug|Any CPU
		{8CC82A79-D923-4781-A1CC-75E449D0FD12}.Debug|iPhone.ActiveCfg = Debug|Any CPU
		{8CC82A79-D923-4781-A1CC-75E449D0FD12}.Debug|iPhone.Build.0 = Debug|Any CPU
		{8CC82A79-D923-4781-A1CC-75E449D0FD12}.Debug|iPhoneSimulator.ActiveCfg = Debug|Any CPU
		{8CC82A79-D923-4781-A1CC-75E449D0FD12}.Debug|iPhoneSimulator.Build.0 = Debug|Any CPU
		{8CC82A79-D923-4781-A1CC-75E449D0FD12}.Release|Any CPU.ActiveCfg = Release|Any CPU
		{8CC82A79-D923-4781-A1CC-75E449D0FD12}.Release|Any CPU.Build.0 = Release|Any CPU
		{8CC82A79-D923-4781-A1CC-75E449D0FD12}.Release|iPhone.ActiveCfg = Release|Any CPU
		{8CC82A79-D923-4781-A1CC-75E449D0FD12}.Release|iPhone.Build.0 = Release|Any CPU
		{8CC82A79-D923-4781-A1CC-75E449D0FD12}.Release|iPhoneSimulator.ActiveCfg = Release|Any CPU
		{8CC82A79-D923-4781-A1CC-75E449D0FD12}.Release|iPhoneSimulator.Build.0 = Release|Any CPU
		{5C9B2097-00F7-45FA-B674-3A513671E72A}.Debug|Any CPU.ActiveCfg = Debug|Any CPU
		{5C9B2097-00F7-45FA-B674-3A513671E72A}.Debug|Any CPU.Build.0 = Debug|Any CPU
		{5C9B2097-00F7-45FA-B674-3A513671E72A}.Debug|iPhone.ActiveCfg = Debug|Any CPU
		{5C9B2097-00F7-45FA-B674-3A513671E72A}.Debug|iPhone.Build.0 = Debug|Any CPU
		{5C9B2097-00F7-45FA-B674-3A513671E72A}.Debug|iPhoneSimulator.ActiveCfg = Debug|Any CPU
		{5C9B2097-00F7-45FA-B674-3A513671E72A}.Debug|iPhoneSimulator.Build.0 = Debug|Any CPU
		{5C9B2097-00F7-45FA-B674-3A513671E72A}.Release|Any CPU.ActiveCfg = Release|Any CPU
		{5C9B2097-00F7-45FA-B674-3A513671E72A}.Release|Any CPU.Build.0 = Release|Any CPU
		{5C9B2097-00F7-45FA-B674-3A513671E72A}.Release|iPhone.ActiveCfg = Release|Any CPU
		{5C9B2097-00F7-45FA-B674-3A513671E72A}.Release|iPhone.Build.0 = Release|Any CPU
		{5C9B2097-00F7-45FA-B674-3A513671E72A}.Release|iPhoneSimulator.ActiveCfg = Release|Any CPU
		{5C9B2097-00F7-45FA-B674-3A513671E72A}.Release|iPhoneSimulator.Build.0 = Release|Any CPU
	EndGlobalSection
	GlobalSection(SolutionProperties) = preSolution
		HideSolutionNode = FALSE
	EndGlobalSection
	GlobalSection(ExtensibilityGlobals) = postSolution
		SolutionGuid = {392FD214-2297-4027-8972-86FD4E15B743}
	EndGlobalSection
EndGlobal
